PODS:
  - FMBaseiOSKit (0.1.0):
    - FMFormSubmitKit
    - FMLayoutKit
    - FMPickerView
    - Masonry
  - FMFormSubmitKit (1.0.6):
    - Masonry
  - FMLayoutKit (1.0.8)
  - FMPickerView (0.1.0)
  - Masonry (1.1.0)

DEPENDENCIES:
  - FMBaseiOSKit (from `../`)

SPEC REPOS:
  https://gitee.com/Coder_FM/FMPodSpec.git:
    - FMLayoutKit
  trunk:
    - FMFormSubmitKit
    - FMPickerView
    - Masonry

EXTERNAL SOURCES:
  FMBaseiOSKit:
    :path: "../"

SPEC CHECKSUMS:
  FMBaseiOSKit: 7e405a251a4dd55e33f68d1c0789a56ef01db7fb
  FMFormSubmitKit: dafe344fbff9cfafe66f31018a57f38434b34bb3
  FMLayoutKit: 884f9a950ab9ce4caa4ad6d6a6b6c73983ea728c
  FMPickerView: 43ee1aa5dbe76fe95294547f208b2215855a35de
  Masonry: 678fab65091a9290e40e2832a55e7ab731aad201

PODFILE CHECKSUM: d593d8e52148c47eba923ac9d38a6a2255c1fc88

COCOAPODS: 1.9.2
